# This file is automatically @generated by Cargo.
# It is not intended for manual editing.
version = 3

[[package]]
name = "libc"
version = "0.2.186"
source = "registry+https://github.com/rust-lang/crates.io-index"
checksum = "68ab91017fe16c622486840e4c83c9a37afeff978bd239b5293d61ece587de66"

[[package]]
name = "motor-control-new"
version = "0.1.0"
dependencies = [
 "rppal",
]

[[package]]
name = "rppal"
version = "0.16.1"
source = "registry+https://github.com/rust-lang/crates.io-index"
checksum = "8d136b79fe4b07246bb6bcc67646e5d2f060b84f7d04a6d052b365249ad14e4a"
dependencies = [
 "libc",
]
